// !$*UTF8*$!
{
	archiveVersion = 1;
	classes = {
	};
	objectVersion = 77;
	objects = {

/* Begin PBXContainerItemProxy section */
		F83AC5BD2DE49C5A0047A6FB /* PBXContainerItemProxy */ = {
			isa = PBXContainerItemProxy;
			containerPortal = F83AC5A22DE49C590047A6FB /* Project object */;
			proxyType = 1;
			remoteGlobalIDString = F83AC5A92DE49C590047A6FB;
			remoteInfo = tesposturbasket;
		};
		F83AC5C72DE49C5A0047A6FB /* PBXContainerItemProxy */ = {
			isa = PBXContainerItemProxy;
			containerPortal = F83AC5A22DE49C590047A6FB /* Project object */;
			proxyType = 1;
			remoteGlobalIDString = F83AC5A92DE49C590047A6FB;
			remoteInfo = tesposturbasket;
		};
/* End PBXContainerItemProxy section */

/* Begin PBXFileReference section */
		F83AC5AA2DE49C590047A6FB /* tesposturbasket.app */ = {isa = PBXFileReference; explicitFileType = wrapper.application; includeInIndex = 0; path = tesposturbasket.app; sourceTree = BUILT_PRODUCTS_DIR; };
		F83AC5BC2DE49C5A0047A6FB /* tesposturbasketTests.xctest */ = {isa = PBXFileReference; explicitFileType = wrapper.cfbundle; includeInIndex = 0; path = tesposturbasketTests.xctest; sourceTree = BUILT_PRODUCTS_DIR; };
		F83AC5C62DE49C5A0047A6FB /* tesposturbasketUITests.xctest */ = {isa = PBXFileReference; explicitFileType = wrapper.cfbundle; includeInIndex = 0; path = tesposturbasketUITests.xctest; sourceTree = BUILT_PRODUCTS_DIR; };
/* End PBXFileReference section */

/* Begin PBXFileSystemSynchronizedBuildFileExceptionSet section */
		F83AC5E02DE49E130047A6FB /* Exceptions for "tesposturbasket" folder in "tesposturbasket" target */ = {
			isa = PBXFileSystemSynchronizedBuildFileExceptionSet;
			membershipExceptions = (
				Info.plist,
			);
			target = F83AC5A92DE49C590047A6FB /* tesposturbasket */;
		};
/* End PBXFileSystemSynchronizedBuildFileExceptionSet section */

/* Begin PBXFileSystemSynchronizedRootGroup section */
		F83AC5AC2DE49C590047A6FB /* tesposturbasket */ = {
			isa = PBXFileSystemSynchronizedRootGroup;
			exceptions = (
				F83AC5E02DE49E130047A6FB /* Exceptions for "tesposturbasket" folder in "tesposturbasket" target */,
			);
			path = tesposturbasket;
			sourceTree = "<group>";
		};
		F83AC5BF2DE49C5A0047A6FB /* tesposturbasketTests */ = {
			isa = PBXFileSystemSynchronizedRootGroup;
			path = tesposturbasketTests;
			sourceTree = "<group>";
		};
		F83AC5C92DE49C5A0047A6FB /* tesposturbasketUITests */ = {
			isa = PBXFileSystemSynchronizedRootGroup;
			path = tesposturbasketUITests;
			sourceTree = "<group>";
		};
/* End PBXFileSystemSynchronizedRootGroup section */

/* Begin PBXFrameworksBuildPhase section */
		F83AC5A72DE49C590047A6FB /* Frameworks */ = {
			isa = PBXFrameworksBuildPhase;
			buildActionMask = 2147483647;
			files = (
			);
			runOnlyForDeploymentPostprocessing = 0;
		};
		F83AC5B92DE49C5A0047A6FB /* Frameworks */ = {
			isa = PBXFrameworksBuildPhase;
			buildActionMask = 2147483647;
			files = (
			);
			runOnlyForDeploymentPostprocessing = 0;
		};
		F83AC5C32DE49C5A0047A6FB /* Frameworks */ = {
			isa = PBXFrameworksBuildPhase;
			buildActionMask = 2147483647;
			files = (
			);
			runOnlyForDeploymentPostprocessing = 0;
		};
/* End PBXFrameworksBuildPhase section */

/* Begin PBXGroup section */
		F83AC5A12DE49C590047A6FB = {
			isa = PBXGroup;
			children = (
				F83AC5AC2DE49C590047A6FB /* tesposturbasket */,
				F83AC5BF2DE49C5A0047A6FB /* tesposturbasketTests */,
				F83AC5C92DE49C5A0047A6FB /* tesposturbasketUITests */,
				F83AC5AB2DE49C590047A6FB /* Products */,
			);
			sourceTree = "<group>";
		};
		F83AC5AB2DE49C590047A6FB /* Products */ = {
			isa = PBXGroup;
			children = (
				F83AC5AA2DE49C590047A6FB /* tesposturbasket.app */,
				F83AC5BC2DE49C5A0047A6FB /* tesposturbasketTests.xctest */,
				F83AC5C62DE49C5A0047A6FB /* tesposturbasketUITests.xctest */,
			);
			name = Products;
			sourceTree = "<group>";
		};
/* End PBXGroup section */

/* Begin PBXNativeTarget section */
		F83AC5A92DE49C590047A6FB /* tesposturbasket */ = {
			isa = PBXNativeTarget;
			buildConfigurationList = F83AC5D02DE49C5A0047A6FB /* Build configuration list for PBXNativeTarget "tesposturbasket" */;
			buildPhases = (
				F83AC5A62DE49C590047A6FB /* Sources */,
				F83AC5A72DE49C590047A6FB /* Frameworks */,
				F83AC5A82DE49C590047A6FB /* Resources */,
			);
			buildRules = (
			);
			dependencies = (
			);
			fileSystemSynchronizedGroups = (
				F83AC5AC2DE49C590047A6FB /* tesposturbasket */,
			);
			name = tesposturbasket;
			packageProductDependencies = (
			);
			productName = tesposturbasket;
			productReference = F83AC5AA2DE49C590047A6FB /* tesposturbasket.app */;
			productType = "com.apple.product-type.application";
		};
		F83AC5BB2DE49C5A0047A6FB /* tesposturbasketTests */ = {
			isa = PBXNativeTarget;
			buildConfigurationList = F83AC5D32DE49C5A0047A6FB /* Build configuration list for PBXNativeTarget "tesposturbasketTests" */;
			buildPhases = (
				F83AC5B82DE49C5A0047A6FB /* Sources */,
				F83AC5B92DE49C5A0047A6FB /* Frameworks */,
				F83AC5BA2DE49C5A0047A6FB /* Resources */,
			);
			buildRules = (
			);
			dependencies = (
				F83AC5BE2DE49C5A0047A6FB /* PBXTargetDependency */,
			);
			fileSystemSynchronizedGroups = (
				F83AC5BF2DE49C5A0047A6FB /* tesposturbasketTests */,
			);
			name = tesposturbasketTests;
			packageProductDependencies = (
			);
			productName = tesposturbasketTests;
			productReference = F83AC5BC2DE49C5A0047A6FB /* tesposturbasketTests.xctest */;
			productType = "com.apple.product-type.bundle.unit-test";
		};
		F83AC5C52DE49C5A0047A6FB /* tesposturbasketUITests */ = {
			isa = PBXNativeTarget;
			buildConfigurationList = F83AC5D62DE49C5A0047A6FB /* Build configuration list for PBXNativeTarget "tesposturbasketUITests" */;
			buildPhases = (
				F83AC5C22DE49C5A0047A6FB /* Sources */,
				F83AC5C32DE49C5A0047A6FB /* Frameworks */,
				F83AC5C42DE49C5A0047A6FB /* Resources */,
			);
			buildRules = (
			);
			dependencies = (
				F83AC5C82DE49C5A0047A6FB /* PBXTargetDependency */,
			);
			fileSystemSynchronizedGroups = (
				F83AC5C92DE49C5A0047A6FB /* tesposturbasketUITests */,
			);
			name = tesposturbasketUITests;
			packageProductDependencies = (
			);
			productName = tesposturbasketUITests;
			productReference = F83AC5C62DE49C5A0047A6FB /* tesposturbasketUITests.xctest */;
			productType = "com.apple.product-type.bundle.ui-testing";
		};
/* End PBXNativeTarget section */

/* Begin PBXProject section */
		F83AC5A22DE49C590047A6FB /* Project object */ = {
			isa = PBXProject;
			attributes = {
				BuildIndependentTargetsInParallel = 1;
				LastSwiftUpdateCheck = 1620;
				LastUpgradeCheck = 1620;
				TargetAttributes = {
					F83AC5A92DE49C590047A6FB = {
						CreatedOnToolsVersion = 16.2;
					};
					F83AC5BB2DE49C5A0047A6FB = {
						CreatedOnToolsVersion = 16.2;
						TestTargetID = F83AC5A92DE49C590047A6FB;
					};
					F83AC5C52DE49C5A0047A6FB = {
						CreatedOnToolsVersion = 16.2;
						TestTargetID = F83AC5A92DE49C590047A6FB;
					};
				};
			};
			buildConfigurationList = F83AC5A52DE49C590047A6FB /* Build configuration list for PBXProject "tesposturbasket" */;
			developmentRegion = en;
			hasScannedForEncodings = 0;
			knownRegions = (
				en,
				Base,
			);
			mainGroup = F83AC5A12DE49C590047A6FB;
			minimizedProjectReferenceProxies = 1;
			preferredProjectObjectVersion = 77;
			productRefGroup = F83AC5AB2DE49C590047A6FB /* Products */;
			projectDirPath = "";
			projectRoot = "";
			targets = (
				F83AC5A92DE49C590047A6FB /* tesposturbasket */,
				F83AC5BB2DE49C5A0047A6FB /* tesposturbasketTests */,
				F83AC5C52DE49C5A0047A6FB /* tesposturbasketUITests */,
			);
		};
/* End PBXProject section */

/* Begin PBXResourcesBuildPhase section */
		F83AC5A82DE49C590047A6FB /* Resources */ = {
			isa = PBXResourcesBuildPhase;
			buildActionMask = 2147483647;
			files = (
			);
			runOnlyForDeploymentPostprocessing = 0;
		};
		F83AC5BA2DE49C5A0047A6FB /* Resources */ = {
			isa = PBXResourcesBuildPhase;
			buildActionMask = 2147483647;
			files = (
			);
			runOnlyForDeploymentPostprocessing = 0;
		};
		F83AC5C42DE49C5A0047A6FB /* Resources */ = {
			isa = PBXResourcesBuildPhase;
			buildActionMask = 2147483647;
			files = (
			);
			runOnlyForDeploymentPostprocessing = 0;
		};
/* End PBXResourcesBuildPhase section */

/* Begin PBXSourcesBuildPhase section */
		F83AC5A62DE49C590047A6FB /* Sources */ = {
			isa = PBXSourcesBuildPhase;
			buildActionMask = 2147483647;
			files = (
			);
			runOnlyForDeploymentPostprocessing = 0;
		};
		F83AC5B82DE49C5A0047A6FB /* Sources */ = {
			isa = PBXSourcesBuildPhase;
			buildActionMask = 2147483647;
			files = (
			);
			runOnlyForDeploymentPostprocessing = 0;
		};
		F83AC5C22DE49C5A0047A6FB /* Sources */ = {
			isa = PBXSourcesBuildPhase;
			buildActionMask = 2147483647;
			files = (
			);
			runOnlyForDeploymentPostprocessing = 0;
		};
/* End PBXSourcesBuildPhase section */

/* Begin PBXTargetDependency section */
		F83AC5BE2DE49C5A0047A6FB /* PBXTargetDependency */ = {
			isa = PBXTargetDependency;
			target = F83AC5A92DE49C590047A6FB /* tesposturbasket */;
			targetProxy = F83AC5BD2DE49C5A0047A6FB /* PBXContainerItemProxy */;
		};
		F83AC5C82DE49C5A0047A6FB /* PBXTargetDependency */ = {
			isa = PBXTargetDependency;
			target = F83AC5A92DE49C590047A6FB /* tesposturbasket */;
			targetProxy = F83AC5C72DE49C5A0047A6FB /* PBXContainerItemProxy */;
		};
/* End PBXTargetDependency section */

/* Begin XCBuildConfiguration section */
		F83AC5CE2DE49C5A0047A6FB /* Debug */ = {
			isa = XCBuildConfiguration;
			buildSettings = {
				ALWAYS_SEARCH_USER_PATHS = NO;
				ASSETCATALOG_COMPILER_GENERATE_SWIFT_ASSET_SYMBOL_EXTENSIONS = YES;
				CLANG_ANALYZER_NONNULL = YES;
				CLANG_ANALYZER_NUMBER_OBJECT_CONVERSION = YES_AGGRESSIVE;
				CLANG_CXX_LANGUAGE_STANDARD = "gnu++20";
				CLANG_ENABLE_MODULES = YES;
				CLANG_ENABLE_OBJC_ARC = YES;
				CLANG_ENABLE_OBJC_WEAK = YES;
				CLANG_WARN_BLOCK_CAPTURE_AUTORELEASING = YES;
				CLANG_WARN_BOOL_CONVERSION = YES;
				CLANG_WARN_COMMA = YES;
				CLANG_WARN_CONSTANT_CONVERSION = YES;
				CLANG_WARN_DEPRECATED_OBJC_IMPLEMENTATIONS = YES;
				CLANG_WARN_DIRECT_OBJC_ISA_USAGE = YES_ERROR;
				CLANG_WARN_DOCUMENTATION_COMMENTS = YES;
				CLANG_WARN_EMPTY_BODY = YES;
				CLANG_WARN_ENUM_CONVERSION = YES;
				CLANG_WARN_INFINITE_RECURSION = YES;
				CLANG_WARN_INT_CONVERSION = YES;
				CLANG_WARN_NON_LITERAL_NULL_CONVERSION = YES;
				CLANG_WARN_OBJC_IMPLICIT_RETAIN_SELF = YES;
				CLANG_WARN_OBJC_LITERAL_CONVERSION = YES;
				CLANG_WARN_OBJC_ROOT_CLASS = YES_ERROR;
				CLANG_WARN_QUOTED_INCLUDE_IN_FRAMEWORK_HEADER = YES;
				CLANG_WARN_RANGE_LOOP_ANALYSIS = YES;
				CLANG_WARN_STRICT_PROTOTYPES = YES;
				CLANG_WARN_SUSPICIOUS_MOVE = YES;
				CLANG_WARN_UNGUARDED_AVAILABILITY = YES_AGGRESSIVE;
				CLANG_WARN_UNREACHABLE_CODE = YES;
				CLANG_WARN__DUPLICATE_METHOD_MATCH = YES;
				COPY_PHASE_STRIP = NO;
				DEBUG_INFORMATION_FORMAT = dwarf;
				ENABLE_STRICT_OBJC_MSGSEND = YES;
				ENABLE_TESTABILITY = YES;
				ENABLE_USER_SCRIPT_SANDBOXING = YES;
				GCC_C_LANGUAGE_STANDARD = gnu17;
				GCC_DYNAMIC_NO_PIC = NO;
				GCC_NO_COMMON_BLOCKS = YES;
				GCC_OPTIMIZATION_LEVEL = 0;
				GCC_PREPROCESSOR_DEFINITIONS = (
					"DEBUG=1",
					"$(inherited)",
				);
				GCC_WARN_64_TO_32_BIT_CONVERSION = YES;
				GCC_WARN_ABOUT_RETURN_TYPE = YES_ERROR;
				GCC_WARN_UNDECLARED_SELECTOR = YES;
				GCC_WARN_UNINITIALIZED_AUTOS = YES_AGGRESSIVE;
				GCC_WARN_UNUSED_FUNCTION = YES;
				GCC_WARN_UNUSED_VARIABLE = YES;
				IPHONEOS_DEPLOYMENT_TARGET = 18.2;
				LOCALIZATION_PREFERS_STRING_CATALOGS = YES;
				MTL_ENABLE_DEBUG_INFO = INCLUDE_SOURCE;
				MTL_FAST_MATH = YES;
				ONLY_ACTIVE_ARCH = YES;
				SDKROOT = iphoneos;
				SWIFT_ACTIVE_COMPILATION_CONDITIONS = "DEBUG $(inherited)";
				SWIFT_OPTIMIZATION_LEVEL = "-Onone";
			};
			name = Debug;
		};
		F83AC5CF2DE49C5A0047A6FB /* Release */ = {
			isa = XCBuildConfiguration;
			buildSettings = {
				ALWAYS_SEARCH_USER_PATHS = NO;
				ASSETCATALOG_COMPILER_GENERATE_SWIFT_ASSET_SYMBOL_EXTENSIONS = YES;
				CLANG_ANALYZER_NONNULL = YES;
				CLANG_ANALYZER_NUMBER_OBJECT_CONVERSION = YES_AGGRESSIVE;
				CLANG_CXX_LANGUAGE_STANDARD = "gnu++20";
				CLANG_ENABLE_MODULES = YES;
				CLANG_ENABLE_OBJC_ARC = YES;
				CLANG_ENABLE_OBJC_WEAK = YES;
				CLANG_WARN_BLOCK_CAPTURE_AUTORELEASING = YES;
				CLANG_WARN_BOOL_CONVERSION = YES;
				CLANG_WARN_COMMA = YES;
				CLANG_WARN_CONSTANT_CONVERSION = YES;
				CLANG_WARN_DEPRECATED_OBJC_IMPLEMENTATIONS = YES;
				CLANG_WARN_DIRECT_OBJC_ISA_USAGE = YES_ERROR;
				CLANG_WARN_DOCUMENTATION_COMMENTS = YES;
				CLANG_WARN_EMPTY_BODY = YES;
				CLANG_WARN_ENUM_CONVERSION = YES;
				CLANG_WARN_INFINITE_RECURSION = YES;
				CLANG_WARN_INT_CONVERSION = YES;
				CLANG_WARN_NON_LITERAL_NULL_CONVERSION = YES;
				CLANG_WARN_OBJC_IMPLICIT_RETAIN_SELF = YES;
				CLANG_WARN_OBJC_LITERAL_CONVERSION = YES;
				CLANG_WARN_OBJC_ROOT_CLASS = YES_ERROR;
				CLANG_WARN_QUOTED_INCLUDE_IN_FRAMEWORK_HEADER = YES;
				CLANG_WARN_RANGE_LOOP_ANALYSIS = YES;
				CLANG_WARN_STRICT_PROTOTYPES = YES;
				CLANG_WARN_SUSPICIOUS_MOVE = YES;
				CLANG_WARN_UNGUARDED_AVAILABILITY = YES_AGGRESSIVE;
				CLANG_WARN_UNREACHABLE_CODE = YES;
				CLANG_WARN__DUPLICATE_METHOD_MATCH = YES;
				COPY_PHASE_STRIP = NO;
				DEBUG_INFORMATION_FORMAT = "dwarf-with-dsym";
				ENABLE_NS_ASSERTIONS = NO;
				ENABLE_STRICT_OBJC_MSGSEND = YES;
				ENABLE_USER_SCRIPT_SANDBOXING = YES;
				GCC_C_LANGUAGE_STANDARD = gnu17;
				GCC_NO_COMMON_BLOCKS = YES;
				GCC_WARN_64_TO_32_BIT_CONVERSION = YES;
				GCC_WARN_ABOUT_RETURN_TYPE = YES_ERROR;
				GCC_WARN_UNDECLARED_SELECTOR = YES;
				GCC_WARN_UNINITIALIZED_AUTOS = YES_AGGRESSIVE;
				GCC_WARN_UNUSED_FUNCTION = YES;
				GCC_WARN_UNUSED_VARIABLE = YES;
				IPHONEOS_DEPLOYMENT_TARGET = 18.2;
				LOCALIZATION_PREFERS_STRING_CATALOGS = YES;
				MTL_ENABLE_DEBUG_INFO = NO;
				MTL_FAST_MATH = YES;
				SDKROOT = iphoneos;
				SWIFT_COMPILATION_MODE = wholemodule;
				VALIDATE_PRODUCT = YES;
			};
			name = Release;
		};
		F83AC5D12DE49C5A0047A6FB /* Debug */ = {
			isa = XCBuildConfiguration;
			buildSettings = {
				ASSETCATALOG_COMPILER_APPICON_NAME = AppIcon;
				ASSETCATALOG_COMPILER_GLOBAL_ACCENT_COLOR_NAME = AccentColor;
				CODE_SIGN_STYLE = Automatic;
				CURRENT_PROJECT_VERSION = 1;
				DEVELOPMENT_ASSET_PATHS = "\"tesposturbasket/Preview Content\"";
				DEVELOPMENT_TEAM = KMD5NUN6BL;
				ENABLE_PREVIEWS = YES;
				GENERATE_INFOPLIST_FILE = YES;
				INFOPLIST_FILE = tesposturbasket/Info.plist;
				INFOPLIST_KEY_NSCameraUsageDescription = "Perlu kamera dek";
				INFOPLIST_KEY_UIApplicationSceneManifest_Generation = YES;
				INFOPLIST_KEY_UIApplicationSupportsIndirectInputEvents = YES;
				INFOPLIST_KEY_UILaunchScreen_Generation = YES;
				INFOPLIST_KEY_UISupportedInterfaceOrientations_iPad = "UIInterfaceOrientationPortrait UIInterfaceOrientationPortraitUpsideDown UIInterfaceOrientationLandscapeLeft UIInterfaceOrientationLandscapeRight";
				INFOPLIST_KEY_UISupportedInterfaceOrientations_iPhone = "UIInterfaceOrientationPortrait UIInterfaceOrientationLandscapeLeft UIInterfaceOrientationLandscapeRight";
				LD_RUNPATH_SEARCH_PATHS = (
					"$(inherited)",
					"@executable_path/Frameworks",
				);
				MARKETING_VERSION = 1.0;
				PRODUCT_BUNDLE_IDENTIFIER = ios.personalProject.tesposturbasket;
				PRODUCT_NAME = "$(TARGET_NAME)";
				SWIFT_EMIT_LOC_STRINGS = YES;
				SWIFT_VERSION = 5.0;
				TARGETED_DEVICE_FAMILY = "1,2";
			};
			name = Debug;
		};
		F83AC5D22DE49C5A0047A6FB /* Release */ = {
			isa = XCBuildConfiguration;
			buildSettings = {
				ASSETCATALOG_COMPILER_APPICON_NAME = AppIcon;
				ASSETCATALOG_COMPILER_GLOBAL_ACCENT_COLOR_NAME = AccentColor;
				CODE_SIGN_STYLE = Automatic;
				CURRENT_PROJECT_VERSION = 1;
				DEVELOPMENT_ASSET_PATHS = "\"tesposturbasket/Preview Content\"";
				DEVELOPMENT_TEAM = KMD5NUN6BL;
				ENABLE_PREVIEWS = YES;
				GENERATE_INFOPLIST_FILE = YES;
				INFOPLIST_FILE = tesposturbasket/Info.plist;
				INFOPLIST_KEY_NSCameraUsageDescription = "Perlu kamera dek";
				INFOPLIST_KEY_UIApplicationSceneManifest_Generation = YES;
				INFOPLIST_KEY_UIApplicationSupportsIndirectInputEvents = YES;
				INFOPLIST_KEY_UILaunchScreen_Generation = YES;
				INFOPLIST_KEY_UISupportedInterfaceOrientations_iPad = "UIInterfaceOrientationPortrait UIInterfaceOrientationPortraitUpsideDown UIInterfaceOrientationLandscapeLeft UIInterfaceOrientationLandscapeRight";
				INFOPLIST_KEY_UISupportedInterfaceOrientations_iPhone = "UIInterfaceOrientationPortrait UIInterfaceOrientationLandscapeLeft UIInterfaceOrientationLandscapeRight";
				LD_RUNPATH_SEARCH_PATHS = (
					"$(inherited)",
					"@executable_path/Frameworks",
				);
				MARKETING_VERSION = 1.0;
				PRODUCT_BUNDLE_IDENTIFIER = ios.personalProject.tesposturbasket;
				PRODUCT_NAME = "$(TARGET_NAME)";
				SWIFT_EMIT_LOC_STRINGS = YES;
				SWIFT_VERSION = 5.0;
				TARGETED_DEVICE_FAMILY = "1,2";
			};
			name = Release;
		};
		F83AC5D42DE49C5A0047A6FB /* Debug */ = {
			isa = XCBuildConfiguration;
			buildSettings = {
				BUNDLE_LOADER = "$(TEST_HOST)";
				CODE_SIGN_STYLE = Automatic;
				CURRENT_PROJECT_VERSION = 1;
				DEVELOPMENT_TEAM = KMD5NUN6BL;
				GENERATE_INFOPLIST_FILE = YES;
				IPHONEOS_DEPLOYMENT_TARGET = 18.2;
				MARKETING_VERSION = 1.0;
				PRODUCT_BUNDLE_IDENTIFIER = ios.personalProject.tesposturbasketTests;
				PRODUCT_NAME = "$(TARGET_NAME)";
				SWIFT_EMIT_LOC_STRINGS = NO;
				SWIFT_VERSION = 5.0;
				TARGETED_DEVICE_FAMILY = "1,2";
				TEST_HOST = "$(BUILT_PRODUCTS_DIR)/tesposturbasket.app/$(BUNDLE_EXECUTABLE_FOLDER_PATH)/tesposturbasket";
			};
			name = Debug;
		};
		F83AC5D52DE49C5A0047A6FB /* Release */ = {
			isa = XCBuildConfiguration;
			buildSettings = {
				BUNDLE_LOADER = "$(TEST_HOST)";
				CODE_SIGN_STYLE = Automatic;
				CURRENT_PROJECT_VERSION = 1;
				DEVELOPMENT_TEAM = KMD5NUN6BL;
				GENERATE_INFOPLIST_FILE = YES;
				IPHONEOS_DEPLOYMENT_TARGET = 18.2;
				MARKETING_VERSION = 1.0;
				PRODUCT_BUNDLE_IDENTIFIER = ios.personalProject.tesposturbasketTests;
				PRODUCT_NAME = "$(TARGET_NAME)";
				SWIFT_EMIT_LOC_STRINGS = NO;
				SWIFT_VERSION = 5.0;
				TARGETED_DEVICE_FAMILY = "1,2";
				TEST_HOST = "$(BUILT_PRODUCTS_DIR)/tesposturbasket.app/$(BUNDLE_EXECUTABLE_FOLDER_PATH)/tesposturbasket";
			};
			name = Release;
		};
		F83AC5D72DE49C5A0047A6FB /* Debug */ = {
			isa = XCBuildConfiguration;
			buildSettings = {
				CODE_SIGN_STYLE = Automatic;
				CURRENT_PROJECT_VERSION = 1;
				DEVELOPMENT_TEAM = KMD5NUN6BL;
				GENERATE_INFOPLIST_FILE = YES;
				MARKETING_VERSION = 1.0;
				PRODUCT_BUNDLE_IDENTIFIER = ios.personalProject.tesposturbasketUITests;
				PRODUCT_NAME = "$(TARGET_NAME)";
				SWIFT_EMIT_LOC_STRINGS = NO;
				SWIFT_VERSION = 5.0;
				TARGETED_DEVICE_FAMILY = "1,2";
				TEST_TARGET_NAME = tesposturbasket;
			};
			name = Debug;
		};
		F83AC5D82DE49C5A0047A6FB /* Release */ = {
			isa = XCBuildConfiguration;
			buildSettings = {
				CODE_SIGN_STYLE = Automatic;
				CURRENT_PROJECT_VERSION = 1;
				DEVELOPMENT_TEAM = KMD5NUN6BL;
				GENERATE_INFOPLIST_FILE = YES;
				MARKETING_VERSION = 1.0;
				PRODUCT_BUNDLE_IDENTIFIER = ios.personalProject.tesposturbasketUITests;
				PRODUCT_NAME = "$(TARGET_NAME)";
				SWIFT_EMIT_LOC_STRINGS = NO;
				SWIFT_VERSION = 5.0;
				TARGETED_DEVICE_FAMILY = "1,2";
				TEST_TARGET_NAME = tesposturbasket;
			};
			name = Release;
		};
/* End XCBuildConfiguration section */

/* Begin XCConfigurationList section */
		F83AC5A52DE49C590047A6FB /* Build configuration list for PBXProject "tesposturbasket" */ = {
			isa = XCConfigurationList;
			buildConfigurations = (
				F83AC5CE2DE49C5A0047A6FB /* Debug */,
				F83AC5CF2DE49C5A0047A6FB /* Release */,
			);
			defaultConfigurationIsVisible = 0;
			defaultConfigurationName = Release;
		};
		F83AC5D02DE49C5A0047A6FB /* Build configuration list for PBXNativeTarget "tesposturbasket" */ = {
			isa = XCConfigurationList;
			buildConfigurations = (
				F83AC5D12DE49C5A0047A6FB /* Debug */,
				F83AC5D22DE49C5A0047A6FB /* Release */,
			);
			defaultConfigurationIsVisible = 0;
			defaultConfigurationName = Release;
		};
		F83AC5D32DE49C5A0047A6FB /* Build configuration list for PBXNativeTarget "tesposturbasketTests" */ = {
			isa = XCConfigurationList;
			buildConfigurations = (
				F83AC5D42DE49C5A0047A6FB /* Debug */,
				F83AC5D52DE49C5A0047A6FB /* Release */,
			);
			defaultConfigurationIsVisible = 0;
			defaultConfigurationName = Release;
		};
		F83AC5D62DE49C5A0047A6FB /* Build configuration list for PBXNativeTarget "tesposturbasketUITests" */ = {
			isa = XCConfigurationList;
			buildConfigurations = (
				F83AC5D72DE49C5A0047A6FB /* Debug */,
				F83AC5D82DE49C5A0047A6FB /* Release */,
			);
			defaultConfigurationIsVisible = 0;
			defaultConfigurationName = Release;
		};
/* End XCConfigurationList section */
	};
	rootObject = F83AC5A22DE49C590047A6FB /* Project object */;
}
